PODS:
  - beacons (0.0.1):
    - Flutter
  - Flutter (1.0.0)
  - flutter_local_notifications (0.0.1):
    - Flutter

DEPENDENCIES:
  - beacons (from `Pods/.symlinks/plugins/beacons/ios`)
  - Flutter (from `Pods/.symlinks/flutter/ios-release`)
  - flutter_local_notifications (from `Pods/.symlinks/plugins/flutter_local_notifications/ios`)

EXTERNAL SOURCES:
  beacons:
    :path: Pods/.symlinks/plugins/beacons/ios
  Flutter:
    :path: Pods/.symlinks/flutter/ios-release
  flutter_local_notifications:
    :path: Pods/.symlinks/plugins/flutter_local_notifications/ios

SPEC CHECKSUMS:
  beacons: b630b906f19575eb987678a6b0624759310b65d8
  Flutter: 0e3d915762c693b495b44d77113d4970485de6ec
  flutter_local_notifications: 9e4738ce2471c5af910d961a6b7eadcf57c50186

PODFILE CHECKSUM: ea0518673586564c605fb6593d385c0e3708ff8d

COCOAPODS: 1.9.0
